
Microsoft Visual Studio Solution File, Format Version 12.00
# Visual Studio Version 17
VisualStudioVersion = 17.0.31611.283
MinimumVisualStudioVersion = 10.0.40219.1
Project("{9A19103F-16F7-4668-BE54-9A1E7A4F7556}") = "Jyben.Racing.Telemetry", "Jyben.Racing.Telemetry.csproj", "{2ABFF416-279D-4A6A-BB70-92EB79571528}"
EndProject
Project("{9A19103F-16F7-4668-BE54-9A1E7A4F7556}") = "Jyben.Racing.Telemetry.Infrastructure", "..\Jyben.Racing.Telemetry.Infrastructure\Jyben.Racing.Telemetry.Infrastructure.csproj", "{13D0A204-715E-49CC-A886-36FB9BC49EF4}"
EndProject
Project("{2150E333-8FDC-42A3-9474-1A3956D46DE8}") = "Solution Items", "Solution Items", "{ACAC0511-B9A7-4E52-A2AF-E334DD9DFE28}"
	ProjectSection(SolutionItems) = preProject
		.editorconfig = .editorconfig
	EndProjectSection
EndProject
Project("{2150E333-8FDC-42A3-9474-1A3956D46DE8}") = "Éléments de solution", "Éléments de solution", "{AAC75F8B-A841-480A-B96A-EA84C5E9AA47}"
	ProjectSection(SolutionItems) = preProject
		.gitignore = .gitignore
	EndProjectSection
EndProject
Global
	GlobalSection(SolutionConfigurationPlatforms) = preSolution
		Debug|Any CPU = Debug|Any CPU
		Release|Any CPU = Release|Any CPU
	EndGlobalSection
	GlobalSection(ProjectConfigurationPlatforms) = postSolution
		{2ABFF416-279D-4A6A-BB70-92EB79571528}.Debug|Any CPU.ActiveCfg = Debug|Any CPU
		{2ABFF416-279D-4A6A-BB70-92EB79571528}.Debug|Any CPU.Build.0 = Debug|Any CPU
		{2ABFF416-279D-4A6A-BB70-92EB79571528}.Debug|Any CPU.Deploy.0 = Debug|Any CPU
		{2ABFF416-279D-4A6A-BB70-92EB79571528}.Release|Any CPU.ActiveCfg = Release|Any CPU
		{2ABFF416-279D-4A6A-BB70-92EB79571528}.Release|Any CPU.Build.0 = Release|Any CPU
		{2ABFF416-279D-4A6A-BB70-92EB79571528}.Release|Any CPU.Deploy.0 = Release|Any CPU
		{13D0A204-715E-49CC-A886-36FB9BC49EF4}.Debug|Any CPU.ActiveCfg = Debug|Any CPU
		{13D0A204-715E-49CC-A886-36FB9BC49EF4}.Debug|Any CPU.Build.0 = Debug|Any CPU
		{13D0A204-715E-49CC-A886-36FB9BC49EF4}.Release|Any CPU.ActiveCfg = Release|Any CPU
		{13D0A204-715E-49CC-A886-36FB9BC49EF4}.Release|Any CPU.Build.0 = Release|Any CPU
	EndGlobalSection
	GlobalSection(SolutionProperties) = preSolution
		HideSolutionNode = FALSE
	EndGlobalSection
	GlobalSection(ExtensibilityGlobals) = postSolution
		        SolutionGuid = {61F7FB11-1E47-470C-91E2-47F8143E1572}
		SolutionGuid = {A66B3CD9-1512-42A9-9CC4-5DA1CBD572DE}
	EndGlobalSection
EndGlobal
